<?xml version="1.0" encoding="UTF-8" standalone="yes" ?>
<CodeBlocks_project_file>
	<FileVersion major="1" minor="6" />
	<Project>
		<Option title="MURPHY__MASTER_PI" />
		<Option pch_mode="2" />
		<Option compiler="gcc" />
		<Build>
			<Target title="Debug">
				<Option output="bin/Debug/MURPHY__MASTER_PI" prefix_auto="1" extension_auto="1" />
				<Option object_output="obj/Debug/" />
				<Option type="1" />
				<Option compiler="gcc" />
				<Compiler>
					<Add option="-g" />
					<Add directory="../../../../../usr/local/include" />
					<Add directory="../../../../../usr/lib" />
				</Compiler>
				<Linker>
					<Add library="../../../../../usr/lib/libwiringPi.so" />
				</Linker>
			</Target>
			<Target title="Release">
				<Option output="bin/Release/COOP_R__MASTER_PI" prefix_auto="1" extension_auto="1" />
				<Option object_output="obj/Release/" />
				<Option type="1" />
				<Option compiler="gcc" />
				<Compiler>
					<Add option="-O2" />
				</Compiler>
				<Linker>
					<Add option="-s" />
				</Linker>
			</Target>
		</Build>
		<Compiler>
			<Add option="-Wall" />
			<Add option="-fexceptions" />
		</Compiler>
		<Unit filename="Coord.cpp" />
		<Unit filename="Coord.h" />
		<Unit filename="Element_Robot.cpp" />
		<Unit filename="Element_Robot.h" />
		<Unit filename="Gestionnaire_Mission.cpp" />
		<Unit filename="Gestionnaire_Mission.h" />
		<Unit filename="MAE_MURPHY.cpp" />
		<Unit filename="MAE_MURPHY.h" />
		<Unit filename="Master.cpp" />
		<Unit filename="Master.h" />
		<Unit filename="Mission.cpp" />
		<Unit filename="Mission.h" />
		<Unit filename="Mission_Chiage_Balle.cpp" />
		<Unit filename="Mission_Chiage_Balle.h" />
		<Unit filename="Mission_Claps.cpp" />
		<Unit filename="Mission_Claps.h" />
		<Unit filename="Mission_Depot_Tour_Depart.cpp" />
		<Unit filename="Mission_Depot_Tour_Depart.h" />
		<Unit filename="Mission_Depot_Tour_Estrade.cpp" />
		<Unit filename="Mission_Depot_Tour_Estrade.h" />
		<Unit filename="Mission_Distrib.cpp" />
		<Unit filename="Mission_Distrib.h" />
		<Unit filename="Mission_Zone_Ennemie.cpp" />
		<Unit filename="Mission_Zone_Ennemie.h" />
		<Unit filename="Mission_Zone_centrale.cpp" />
		<Unit filename="Mission_Zone_centrale.h" />
		<Unit filename="Period.cpp" />
		<Unit filename="Period.h" />
		<Unit filename="Protocole_COM.cpp" />
		<Unit filename="Protocole_COM.h" />
		<Unit filename="main.cpp" />
		<Extensions>
			<code_completion />
			<debugger />
		</Extensions>
	</Project>
</CodeBlocks_project_file>
